
Microsoft Visual Studio Solution File, Format Version 12.00
# Visual Studio 15
VisualStudioVersion = 15.0.28010.2048
MinimumVisualStudioVersion = 10.0.40219.1
Project("{2150E333-8FDC-42A3-9474-1A3956D46DE8}") = ".NET CORE - CQRS", ".NET CORE - CQRS", "{8CE1FD2B-BAFD-4FD8-8414-540B230A1FDA}"
EndProject
Project("{FAE04EC0-301F-11D3-BF4B-00C04F79EFBC}") = "Projeto.Presentation", "Projeto.Presentation\Projeto.Presentation.csproj", "{1604BDD4-9D0A-4D7D-B029-DAFAD637C312}"
EndProject
Global
	GlobalSection(SolutionConfigurationPlatforms) = preSolution
		Debug|Any CPU = Debug|Any CPU
		Release|Any CPU = Release|Any CPU
	EndGlobalSection
	GlobalSection(ProjectConfigurationPlatforms) = postSolution
		{1604BDD4-9D0A-4D7D-B029-DAFAD637C312}.Debug|Any CPU.ActiveCfg = Debug|Any CPU
		{1604BDD4-9D0A-4D7D-B029-DAFAD637C312}.Debug|Any CPU.Build.0 = Debug|Any CPU
		{1604BDD4-9D0A-4D7D-B029-DAFAD637C312}.Release|Any CPU.ActiveCfg = Release|Any CPU
		{1604BDD4-9D0A-4D7D-B029-DAFAD637C312}.Release|Any CPU.Build.0 = Release|Any CPU
	EndGlobalSection
	GlobalSection(SolutionProperties) = preSolution
		HideSolutionNode = FALSE
	EndGlobalSection
	GlobalSection(NestedProjects) = preSolution
		{1604BDD4-9D0A-4D7D-B029-DAFAD637C312} = {8CE1FD2B-BAFD-4FD8-8414-540B230A1FDA}
	EndGlobalSection
	GlobalSection(ExtensibilityGlobals) = postSolution
		SolutionGuid = {6D818879-E22A-4850-A1E1-F68787F252ED}
	EndGlobalSection
EndGlobal
